
Microsoft Visual Studio Solution File, Format Version 12.00
# Visual Studio Version 16
VisualStudioVersion = 16.0.30907.101
MinimumVisualStudioVersion = 10.0.40219.1
Project("{FAE04EC0-301F-11D3-BF4B-00C04F79EFBC}") = "Training.AZ204.Functions", "Training.AZ204.Functions\Training.AZ204.Functions.csproj", "{75D563F3-D57B-4550-B7C3-00A8138CDC03}"
EndProject
Project("{FAE04EC0-301F-11D3-BF4B-00C04F79EFBC}") = "Training.AZ204.WebSite", "Training.AZ204.WebSite\Training.AZ204.WebSite.csproj", "{4661EDD9-ADA5-4E43-9CD7-462006F189CE}"
EndProject
Global
	GlobalSection(SolutionConfigurationPlatforms) = preSolution
		Debug|Any CPU = Debug|Any CPU
		Release|Any CPU = Release|Any CPU
	EndGlobalSection
	GlobalSection(ProjectConfigurationPlatforms) = postSolution
		{75D563F3-D57B-4550-B7C3-00A8138CDC03}.Debug|Any CPU.ActiveCfg = Debug|Any CPU
		{75D563F3-D57B-4550-B7C3-00A8138CDC03}.Debug|Any CPU.Build.0 = Debug|Any CPU
		{75D563F3-D57B-4550-B7C3-00A8138CDC03}.Release|Any CPU.ActiveCfg = Release|Any CPU
		{75D563F3-D57B-4550-B7C3-00A8138CDC03}.Release|Any CPU.Build.0 = Release|Any CPU
		{4661EDD9-ADA5-4E43-9CD7-462006F189CE}.Debug|Any CPU.ActiveCfg = Debug|Any CPU
		{4661EDD9-ADA5-4E43-9CD7-462006F189CE}.Debug|Any CPU.Build.0 = Debug|Any CPU
		{4661EDD9-ADA5-4E43-9CD7-462006F189CE}.Release|Any CPU.ActiveCfg = Release|Any CPU
		{4661EDD9-ADA5-4E43-9CD7-462006F189CE}.Release|Any CPU.Build.0 = Release|Any CPU
	EndGlobalSection
	GlobalSection(SolutionProperties) = preSolution
		HideSolutionNode = FALSE
	EndGlobalSection
	GlobalSection(ExtensibilityGlobals) = postSolution
		SolutionGuid = {B94E8760-7DF0-415D-B2AD-E05621A22B7C}
	EndGlobalSection
EndGlobal
